
Microsoft Visual Studio Solution File, Format Version 11.00
# Visual Studio 2010
Project("{FAE04EC0-301F-11D3-BF4B-00C04F79EFBC}") = "AstarPathfindingProject", "AstarPathfindingProject.csproj", "{2c57f94b-3fb5-627d-2014-4a069dd5e1f1}"
EndProject
Project("{FAE04EC0-301F-11D3-BF4B-00C04F79EFBC}") = "Assembly-CSharp", "Assembly-CSharp.csproj", "{0936ab27-db15-e352-4d4e-5a489b4c4689}"
EndProject
Project("{FAE04EC0-301F-11D3-BF4B-00C04F79EFBC}") = "PackageToolsEditor", "PackageToolsEditor.csproj", "{71283aeb-6566-ee21-64d9-88568ab2dff1}"
EndProject
Project("{FAE04EC0-301F-11D3-BF4B-00C04F79EFBC}") = "AstarPathfindingProjectEditor", "AstarPathfindingProjectEditor.csproj", "{7e26571e-98e0-27f6-1af7-1f577e144cd2}"
EndProject
Global
	GlobalSection(SolutionConfigurationPlatforms) = preSolution
		Debug|Any CPU = Debug|Any CPU
	EndGlobalSection
	GlobalSection(ProjectConfigurationPlatforms) = postSolution
		{2c57f94b-3fb5-627d-2014-4a069dd5e1f1}.Debug|Any CPU.ActiveCfg = Debug|Any CPU
		{2c57f94b-3fb5-627d-2014-4a069dd5e1f1}.Debug|Any CPU.Build.0 = Debug|Any CPU
		{0936ab27-db15-e352-4d4e-5a489b4c4689}.Debug|Any CPU.ActiveCfg = Debug|Any CPU
		{0936ab27-db15-e352-4d4e-5a489b4c4689}.Debug|Any CPU.Build.0 = Debug|Any CPU
		{71283aeb-6566-ee21-64d9-88568ab2dff1}.Debug|Any CPU.ActiveCfg = Debug|Any CPU
		{71283aeb-6566-ee21-64d9-88568ab2dff1}.Debug|Any CPU.Build.0 = Debug|Any CPU
		{7e26571e-98e0-27f6-1af7-1f577e144cd2}.Debug|Any CPU.ActiveCfg = Debug|Any CPU
		{7e26571e-98e0-27f6-1af7-1f577e144cd2}.Debug|Any CPU.Build.0 = Debug|Any CPU
	EndGlobalSection
	GlobalSection(SolutionProperties) = preSolution
		HideSolutionNode = FALSE
	EndGlobalSection
EndGlobal
